
Microsoft Visual Studio Solution File, Format Version 11.00
# Visual Studio 2010
Project("{FAE04EC0-301F-11D3-BF4B-00C04F79EFBC}") = "Plugin-ElectricalConductivity", "Plugin-ElectricalConductivity.csproj", "{428E9964-527F-48D8-B88A-8A22435F481B}"
EndProject
Global
	GlobalSection(SolutionConfigurationPlatforms) = preSolution
		Debug|Any CPU = Debug|Any CPU
		Release|Any CPU = Release|Any CPU
	EndGlobalSection
	GlobalSection(ProjectConfigurationPlatforms) = postSolution
		{428E9964-527F-48D8-B88A-8A22435F481B}.Debug|Any CPU.ActiveCfg = Debug|Any CPU
		{428E9964-527F-48D8-B88A-8A22435F481B}.Debug|Any CPU.Build.0 = Debug|Any CPU
		{428E9964-527F-48D8-B88A-8A22435F481B}.Release|Any CPU.ActiveCfg = Release|Any CPU
		{428E9964-527F-48D8-B88A-8A22435F481B}.Release|Any CPU.Build.0 = Release|Any CPU
	EndGlobalSection
	GlobalSection(SolutionProperties) = preSolution
		HideSolutionNode = FALSE
	EndGlobalSection
EndGlobal
